
Microsoft Visual Studio Solution File, Format Version 12.00
# Visual Studio Version 16
VisualStudioVersion = 16.0.31613.86
MinimumVisualStudioVersion = 10.0.40219.1
Project("{FAE04EC0-301F-11D3-BF4B-00C04F79EFBC}") = "ConsoleApp5", "ConsoleApp5\ConsoleApp5.csproj", "{3FE106EC-82DB-4524-A198-F24A3EB61BBC}"
EndProject
Global
	GlobalSection(SolutionConfigurationPlatforms) = preSolution
		Debug|Any CPU = Debug|Any CPU
		Release|Any CPU = Release|Any CPU
	EndGlobalSection
	GlobalSection(ProjectConfigurationPlatforms) = postSolution
		{3FE106EC-82DB-4524-A198-F24A3EB61BBC}.Debug|Any CPU.ActiveCfg = Debug|Any CPU
		{3FE106EC-82DB-4524-A198-F24A3EB61BBC}.Debug|Any CPU.Build.0 = Debug|Any CPU
		{3FE106EC-82DB-4524-A198-F24A3EB61BBC}.Release|Any CPU.ActiveCfg = Release|Any CPU
		{3FE106EC-82DB-4524-A198-F24A3EB61BBC}.Release|Any CPU.Build.0 = Release|Any CPU
	EndGlobalSection
	GlobalSection(SolutionProperties) = preSolution
		HideSolutionNode = FALSE
	EndGlobalSection
	GlobalSection(ExtensibilityGlobals) = postSolution
		SolutionGuid = {B086EBEE-F203-47C9-BDDE-F3211C6AFC8A}
	EndGlobalSection
EndGlobal
